
Microsoft Visual Studio Solution File, Format Version 12.00
# Visual Studio Version 16
VisualStudioVersion = 16.0.34729.46
MinimumVisualStudioVersion = 10.0.40219.1
Project("{FAE04EC0-301F-11D3-BF4B-00C04F79EFBC}") = "CICDPiplineTest", "CICDPiplineTest.csproj", "{92B746EA-93E2-447F-8EC0-259EB0739827}"
EndProject
Global
	GlobalSection(SolutionConfigurationPlatforms) = preSolution
		Debug|Any CPU = Debug|Any CPU
		Release|Any CPU = Release|Any CPU
	EndGlobalSection
	GlobalSection(ProjectConfigurationPlatforms) = postSolution
		{92B746EA-93E2-447F-8EC0-259EB0739827}.Debug|Any CPU.ActiveCfg = Debug|Any CPU
		{92B746EA-93E2-447F-8EC0-259EB0739827}.Debug|Any CPU.Build.0 = Debug|Any CPU
		{92B746EA-93E2-447F-8EC0-259EB0739827}.Release|Any CPU.ActiveCfg = Release|Any CPU
		{92B746EA-93E2-447F-8EC0-259EB0739827}.Release|Any CPU.Build.0 = Release|Any CPU
	EndGlobalSection
	GlobalSection(SolutionProperties) = preSolution
		HideSolutionNode = FALSE
	EndGlobalSection
	GlobalSection(ExtensibilityGlobals) = postSolution
		SolutionGuid = {430C3A9B-98E4-4039-BF2E-65A0603A4D6A}
	EndGlobalSection
EndGlobal
